
Microsoft Visual Studio Solution File, Format Version 12.00
# Visual Studio Version 17
VisualStudioVersion = 17.8.34525.116
MinimumVisualStudioVersion = 10.0.40219.1
Project("{FAE04EC0-301F-11D3-BF4B-00C04F79EFBC}") = "QnA", "QnA\QnA.csproj", "{ECAF3E29-EB66-4A6B-91B2-5C13F1A35D16}"
EndProject
Project("{FAE04EC0-301F-11D3-BF4B-00C04F79EFBC}") = "DataAccessLayer", "DataAccessLayer\DataAccessLayer.csproj", "{E1500811-DFD4-409E-8091-51F101F18719}"
EndProject
Project("{FAE04EC0-301F-11D3-BF4B-00C04F79EFBC}") = "ServiceLayer", "ServiceLayer\ServiceLayer.csproj", "{C375F362-685B-4740-8954-BCA9DFB79B1B}"
EndProject
Project("{FAE04EC0-301F-11D3-BF4B-00C04F79EFBC}") = "GlobalEntity", "GlobalEntity\GlobalEntity.csproj", "{40D7EBF0-0677-4811-882B-902371080C1F}"
EndProject
Global
	GlobalSection(SolutionConfigurationPlatforms) = preSolution
		Debug|Any CPU = Debug|Any CPU
		Release|Any CPU = Release|Any CPU
	EndGlobalSection
	GlobalSection(ProjectConfigurationPlatforms) = postSolution
		{ECAF3E29-EB66-4A6B-91B2-5C13F1A35D16}.Debug|Any CPU.ActiveCfg = Debug|Any CPU
		{ECAF3E29-EB66-4A6B-91B2-5C13F1A35D16}.Debug|Any CPU.Build.0 = Debug|Any CPU
		{ECAF3E29-EB66-4A6B-91B2-5C13F1A35D16}.Release|Any CPU.ActiveCfg = Release|Any CPU
		{ECAF3E29-EB66-4A6B-91B2-5C13F1A35D16}.Release|Any CPU.Build.0 = Release|Any CPU
		{E1500811-DFD4-409E-8091-51F101F18719}.Debug|Any CPU.ActiveCfg = Debug|Any CPU
		{E1500811-DFD4-409E-8091-51F101F18719}.Debug|Any CPU.Build.0 = Debug|Any CPU
		{E1500811-DFD4-409E-8091-51F101F18719}.Release|Any CPU.ActiveCfg = Release|Any CPU
		{E1500811-DFD4-409E-8091-51F101F18719}.Release|Any CPU.Build.0 = Release|Any CPU
		{C375F362-685B-4740-8954-BCA9DFB79B1B}.Debug|Any CPU.ActiveCfg = Debug|Any CPU
		{C375F362-685B-4740-8954-BCA9DFB79B1B}.Debug|Any CPU.Build.0 = Debug|Any CPU
		{C375F362-685B-4740-8954-BCA9DFB79B1B}.Release|Any CPU.ActiveCfg = Release|Any CPU
		{C375F362-685B-4740-8954-BCA9DFB79B1B}.Release|Any CPU.Build.0 = Release|Any CPU
		{40D7EBF0-0677-4811-882B-902371080C1F}.Debug|Any CPU.ActiveCfg = Debug|Any CPU
		{40D7EBF0-0677-4811-882B-902371080C1F}.Debug|Any CPU.Build.0 = Debug|Any CPU
		{40D7EBF0-0677-4811-882B-902371080C1F}.Release|Any CPU.ActiveCfg = Release|Any CPU
		{40D7EBF0-0677-4811-882B-902371080C1F}.Release|Any CPU.Build.0 = Release|Any CPU
	EndGlobalSection
	GlobalSection(SolutionProperties) = preSolution
		HideSolutionNode = FALSE
	EndGlobalSection
	GlobalSection(ExtensibilityGlobals) = postSolution
		SolutionGuid = {6E896F6E-C90F-4CB1-802A-BD5FDAE2625B}
	EndGlobalSection
EndGlobal
